
Microsoft Visual Studio Solution File, Format Version 12.00
# Visual Studio Version 17
VisualStudioVersion = 17.14.36429.23
MinimumVisualStudioVersion = 10.0.40219.1
Project("{FAE04EC0-301F-11D3-BF4B-00C04F79EFBC}") = "GLC.Client", "GLC Test\GLC.Client.csproj", "{1A0DA7BF-1E25-41EC-8077-1C9FEAF78466}"
EndProject
Project("{2150E333-8FDC-42A3-9474-1A3956D46DE8}") = "Core", "Core", "{02EA681E-C7D8-13C7-8484-4AC65E1B71E8}"
EndProject
Project("{2150E333-8FDC-42A3-9474-1A3956D46DE8}") = "Presentation", "Presentation", "{4B7A208F-7697-427E-AE38-9AB404971E7A}"
EndProject
Project("{2150E333-8FDC-42A3-9474-1A3956D46DE8}") = "Commons", "Commons", "{E023E35A-DD56-4C42-B757-A8654EF1F42D}"
EndProject
Project("{2150E333-8FDC-42A3-9474-1A3956D46DE8}") = "Hosted", "Hosted", "{AC1F61ED-C20A-4A3B-9F5E-B7D73DCDA2D3}"
EndProject
Project("{2150E333-8FDC-42A3-9474-1A3956D46DE8}") = "Infrastrucure", "Infrastrucure", "{7F17A0F6-E698-4EE7-BD66-52ED1B3B62C0}"
EndProject
Project("{FAE04EC0-301F-11D3-BF4B-00C04F79EFBC}") = "GLC.API", "GLC.API\GLC.API.csproj", "{E15044CD-D4C8-41B9-8ACC-842FAC0D31BE}"
EndProject
Project("{FAE04EC0-301F-11D3-BF4B-00C04F79EFBC}") = "GLC.Shared", "GLC.Shared\GLC.Shared.csproj", "{43425447-3DAB-4F10-8375-F1FF63365D75}"
EndProject
Project("{FAE04EC0-301F-11D3-BF4B-00C04F79EFBC}") = "GLC.Domain", "GLC.Domain\GLC.Domain.csproj", "{B77A87CE-093F-431C-B492-4E584B69398B}"
EndProject
Project("{FAE04EC0-301F-11D3-BF4B-00C04F79EFBC}") = "GLC.Application", "GLC.Application\GLC.Application.csproj", "{E7BDE53F-1E8C-445A-91F6-B83B635C1EAA}"
EndProject
Project("{FAE04EC0-301F-11D3-BF4B-00C04F79EFBC}") = "GLC.Infrastructure", "GLC.Infrastructure\GLC.Infrastructure.csproj", "{03A6A31A-723C-4F6E-B04F-75B444A6DFD5}"
EndProject
Global
	GlobalSection(SolutionConfigurationPlatforms) = preSolution
		Debug|Any CPU = Debug|Any CPU
		Release|Any CPU = Release|Any CPU
	EndGlobalSection
	GlobalSection(ProjectConfigurationPlatforms) = postSolution
		{1A0DA7BF-1E25-41EC-8077-1C9FEAF78466}.Debug|Any CPU.ActiveCfg = Debug|Any CPU
		{1A0DA7BF-1E25-41EC-8077-1C9FEAF78466}.Debug|Any CPU.Build.0 = Debug|Any CPU
		{1A0DA7BF-1E25-41EC-8077-1C9FEAF78466}.Release|Any CPU.ActiveCfg = Release|Any CPU
		{1A0DA7BF-1E25-41EC-8077-1C9FEAF78466}.Release|Any CPU.Build.0 = Release|Any CPU
		{E15044CD-D4C8-41B9-8ACC-842FAC0D31BE}.Debug|Any CPU.ActiveCfg = Debug|Any CPU
		{E15044CD-D4C8-41B9-8ACC-842FAC0D31BE}.Debug|Any CPU.Build.0 = Debug|Any CPU
		{E15044CD-D4C8-41B9-8ACC-842FAC0D31BE}.Release|Any CPU.ActiveCfg = Release|Any CPU
		{E15044CD-D4C8-41B9-8ACC-842FAC0D31BE}.Release|Any CPU.Build.0 = Release|Any CPU
		{43425447-3DAB-4F10-8375-F1FF63365D75}.Debug|Any CPU.ActiveCfg = Debug|Any CPU
		{43425447-3DAB-4F10-8375-F1FF63365D75}.Debug|Any CPU.Build.0 = Debug|Any CPU
		{43425447-3DAB-4F10-8375-F1FF63365D75}.Release|Any CPU.ActiveCfg = Release|Any CPU
		{43425447-3DAB-4F10-8375-F1FF63365D75}.Release|Any CPU.Build.0 = Release|Any CPU
		{B77A87CE-093F-431C-B492-4E584B69398B}.Debug|Any CPU.ActiveCfg = Debug|Any CPU
		{B77A87CE-093F-431C-B492-4E584B69398B}.Debug|Any CPU.Build.0 = Debug|Any CPU
		{B77A87CE-093F-431C-B492-4E584B69398B}.Release|Any CPU.ActiveCfg = Release|Any CPU
		{B77A87CE-093F-431C-B492-4E584B69398B}.Release|Any CPU.Build.0 = Release|Any CPU
		{E7BDE53F-1E8C-445A-91F6-B83B635C1EAA}.Debug|Any CPU.ActiveCfg = Debug|Any CPU
		{E7BDE53F-1E8C-445A-91F6-B83B635C1EAA}.Debug|Any CPU.Build.0 = Debug|Any CPU
		{E7BDE53F-1E8C-445A-91F6-B83B635C1EAA}.Release|Any CPU.ActiveCfg = Release|Any CPU
		{E7BDE53F-1E8C-445A-91F6-B83B635C1EAA}.Release|Any CPU.Build.0 = Release|Any CPU
		{03A6A31A-723C-4F6E-B04F-75B444A6DFD5}.Debug|Any CPU.ActiveCfg = Debug|Any CPU
		{03A6A31A-723C-4F6E-B04F-75B444A6DFD5}.Debug|Any CPU.Build.0 = Debug|Any CPU
		{03A6A31A-723C-4F6E-B04F-75B444A6DFD5}.Release|Any CPU.ActiveCfg = Release|Any CPU
		{03A6A31A-723C-4F6E-B04F-75B444A6DFD5}.Release|Any CPU.Build.0 = Release|Any CPU
	EndGlobalSection
	GlobalSection(SolutionProperties) = preSolution
		HideSolutionNode = FALSE
	EndGlobalSection
	GlobalSection(NestedProjects) = preSolution
		{1A0DA7BF-1E25-41EC-8077-1C9FEAF78466} = {4B7A208F-7697-427E-AE38-9AB404971E7A}
		{02EA681E-C7D8-13C7-8484-4AC65E1B71E8} = {AC1F61ED-C20A-4A3B-9F5E-B7D73DCDA2D3}
		{4B7A208F-7697-427E-AE38-9AB404971E7A} = {AC1F61ED-C20A-4A3B-9F5E-B7D73DCDA2D3}
		{7F17A0F6-E698-4EE7-BD66-52ED1B3B62C0} = {AC1F61ED-C20A-4A3B-9F5E-B7D73DCDA2D3}
		{E15044CD-D4C8-41B9-8ACC-842FAC0D31BE} = {4B7A208F-7697-427E-AE38-9AB404971E7A}
		{43425447-3DAB-4F10-8375-F1FF63365D75} = {E023E35A-DD56-4C42-B757-A8654EF1F42D}
		{B77A87CE-093F-431C-B492-4E584B69398B} = {02EA681E-C7D8-13C7-8484-4AC65E1B71E8}
		{E7BDE53F-1E8C-445A-91F6-B83B635C1EAA} = {02EA681E-C7D8-13C7-8484-4AC65E1B71E8}
		{03A6A31A-723C-4F6E-B04F-75B444A6DFD5} = {7F17A0F6-E698-4EE7-BD66-52ED1B3B62C0}
	EndGlobalSection
	GlobalSection(ExtensibilityGlobals) = postSolution
		SolutionGuid = {7EEC0C26-DB86-4C95-8EF3-9E963FF11BAE}
	EndGlobalSection
EndGlobal
